
Microsoft Visual Studio Solution File, Format Version 12.00
# Visual Studio Version 16
VisualStudioVersion = 16.0.31515.178
MinimumVisualStudioVersion = 10.0.40219.1
Project("{FAE04EC0-301F-11D3-BF4B-00C04F79EFBC}") = "W3Objects", "W3Objects.csproj", "{24E547A1-D7C5-46B0-816A-F2D9BBF5A93B}"
EndProject
Global
	GlobalSection(SolutionConfigurationPlatforms) = preSolution
		Debug|Any CPU = Debug|Any CPU
		Release|Any CPU = Release|Any CPU
	EndGlobalSection
	GlobalSection(ProjectConfigurationPlatforms) = postSolution
		{24E547A1-D7C5-46B0-816A-F2D9BBF5A93B}.Debug|Any CPU.ActiveCfg = Debug|Any CPU
		{24E547A1-D7C5-46B0-816A-F2D9BBF5A93B}.Debug|Any CPU.Build.0 = Debug|Any CPU
		{24E547A1-D7C5-46B0-816A-F2D9BBF5A93B}.Release|Any CPU.ActiveCfg = Release|Any CPU
		{24E547A1-D7C5-46B0-816A-F2D9BBF5A93B}.Release|Any CPU.Build.0 = Release|Any CPU
	EndGlobalSection
	GlobalSection(SolutionProperties) = preSolution
		HideSolutionNode = FALSE
	EndGlobalSection
	GlobalSection(ExtensibilityGlobals) = postSolution
		SolutionGuid = {3B3A3451-CD78-437E-82DC-A53A9067599F}
	EndGlobalSection
EndGlobal
