
Microsoft Visual Studio Solution File, Format Version 12.00
# Visual Studio Version 16
VisualStudioVersion = 16.0.31515.178
MinimumVisualStudioVersion = 10.0.40219.1
Project("{FAE04EC0-301F-11D3-BF4B-00C04F79EFBC}") = "Foo", "Foo\Foo.csproj", "{7038E3B0-BB57-4C0A-A0A5-82BC223C0D13}"
EndProject
Global
	GlobalSection(SolutionConfigurationPlatforms) = preSolution
		Debug|Any CPU = Debug|Any CPU
		Release|Any CPU = Release|Any CPU
	EndGlobalSection
	GlobalSection(ProjectConfigurationPlatforms) = postSolution
		{7038E3B0-BB57-4C0A-A0A5-82BC223C0D13}.Debug|Any CPU.ActiveCfg = Debug|Any CPU
		{7038E3B0-BB57-4C0A-A0A5-82BC223C0D13}.Debug|Any CPU.Build.0 = Debug|Any CPU
		{7038E3B0-BB57-4C0A-A0A5-82BC223C0D13}.Release|Any CPU.ActiveCfg = Release|Any CPU
		{7038E3B0-BB57-4C0A-A0A5-82BC223C0D13}.Release|Any CPU.Build.0 = Release|Any CPU
	EndGlobalSection
	GlobalSection(SolutionProperties) = preSolution
		HideSolutionNode = FALSE
	EndGlobalSection
	GlobalSection(ExtensibilityGlobals) = postSolution
		SolutionGuid = {DABC68F8-27C2-4A54-A16B-9B52BC74A3F1}
	EndGlobalSection
EndGlobal
